
Microsoft Visual Studio Solution File, Format Version 12.00
# Visual Studio Version 17
VisualStudioVersion = 17.8.34330.188
MinimumVisualStudioVersion = 10.0.40219.1
Project("{FAE04EC0-301F-11D3-BF4B-00C04F79EFBC}") = "CoordenadasDeUmPonto", "CoordenadasDeUmPonto\CoordenadasDeUmPonto.csproj", "{88EA8CA0-D2EF-4A63-B0E9-8F1BB42213A6}"
EndProject
Global
	GlobalSection(SolutionConfigurationPlatforms) = preSolution
		Debug|Any CPU = Debug|Any CPU
		Release|Any CPU = Release|Any CPU
	EndGlobalSection
	GlobalSection(ProjectConfigurationPlatforms) = postSolution
		{88EA8CA0-D2EF-4A63-B0E9-8F1BB42213A6}.Debug|Any CPU.ActiveCfg = Debug|Any CPU
		{88EA8CA0-D2EF-4A63-B0E9-8F1BB42213A6}.Debug|Any CPU.Build.0 = Debug|Any CPU
		{88EA8CA0-D2EF-4A63-B0E9-8F1BB42213A6}.Release|Any CPU.ActiveCfg = Release|Any CPU
		{88EA8CA0-D2EF-4A63-B0E9-8F1BB42213A6}.Release|Any CPU.Build.0 = Release|Any CPU
	EndGlobalSection
	GlobalSection(SolutionProperties) = preSolution
		HideSolutionNode = FALSE
	EndGlobalSection
	GlobalSection(ExtensibilityGlobals) = postSolution
		SolutionGuid = {8346C256-8792-44E2-B7FA-C0B3607D72EF}
	EndGlobalSection
EndGlobal
