
Microsoft Visual Studio Solution File, Format Version 12.00
# Visual Studio Version 17
VisualStudioVersion = 17.8.34330.188
MinimumVisualStudioVersion = 10.0.40219.1
Project("{FAE04EC0-301F-11D3-BF4B-00C04F79EFBC}") = "TempoDeJogoComMinutos", "TempoDeJogoComMinutos\TempoDeJogoComMinutos.csproj", "{87103895-7815-4120-9212-213968EED18D}"
EndProject
Global
	GlobalSection(SolutionConfigurationPlatforms) = preSolution
		Debug|Any CPU = Debug|Any CPU
		Release|Any CPU = Release|Any CPU
	EndGlobalSection
	GlobalSection(ProjectConfigurationPlatforms) = postSolution
		{87103895-7815-4120-9212-213968EED18D}.Debug|Any CPU.ActiveCfg = Debug|Any CPU
		{87103895-7815-4120-9212-213968EED18D}.Debug|Any CPU.Build.0 = Debug|Any CPU
		{87103895-7815-4120-9212-213968EED18D}.Release|Any CPU.ActiveCfg = Release|Any CPU
		{87103895-7815-4120-9212-213968EED18D}.Release|Any CPU.Build.0 = Release|Any CPU
	EndGlobalSection
	GlobalSection(SolutionProperties) = preSolution
		HideSolutionNode = FALSE
	EndGlobalSection
	GlobalSection(ExtensibilityGlobals) = postSolution
		SolutionGuid = {8BF16C75-2DB2-428F-8765-2C6BB5786294}
	EndGlobalSection
EndGlobal
