
Microsoft Visual Studio Solution File, Format Version 12.00
# Visual Studio Version 17
VisualStudioVersion = 17.8.34330.188
MinimumVisualStudioVersion = 10.0.40219.1
Project("{FAE04EC0-301F-11D3-BF4B-00C04F79EFBC}") = "NumeroMenor", "NumeroMenor\NumeroMenor.csproj", "{5B7B9B49-FDDB-47F4-AAF9-8FD6ED1A77B6}"
EndProject
Global
	GlobalSection(SolutionConfigurationPlatforms) = preSolution
		Debug|Any CPU = Debug|Any CPU
		Release|Any CPU = Release|Any CPU
	EndGlobalSection
	GlobalSection(ProjectConfigurationPlatforms) = postSolution
		{5B7B9B49-FDDB-47F4-AAF9-8FD6ED1A77B6}.Debug|Any CPU.ActiveCfg = Debug|Any CPU
		{5B7B9B49-FDDB-47F4-AAF9-8FD6ED1A77B6}.Debug|Any CPU.Build.0 = Debug|Any CPU
		{5B7B9B49-FDDB-47F4-AAF9-8FD6ED1A77B6}.Release|Any CPU.ActiveCfg = Release|Any CPU
		{5B7B9B49-FDDB-47F4-AAF9-8FD6ED1A77B6}.Release|Any CPU.Build.0 = Release|Any CPU
	EndGlobalSection
	GlobalSection(SolutionProperties) = preSolution
		HideSolutionNode = FALSE
	EndGlobalSection
	GlobalSection(ExtensibilityGlobals) = postSolution
		SolutionGuid = {C2B070ED-B87E-4453-9166-A005D320F89F}
	EndGlobalSection
EndGlobal
