
Microsoft Visual Studio Solution File, Format Version 12.00
# Visual Studio Version 17
VisualStudioVersion = 17.8.34330.188
MinimumVisualStudioVersion = 10.0.40219.1
Project("{FAE04EC0-301F-11D3-BF4B-00C04F79EFBC}") = "Multiplos", "Multiplos\Multiplos.csproj", "{697282AF-F4C2-43AF-95AB-8C8207A71835}"
EndProject
Global
	GlobalSection(SolutionConfigurationPlatforms) = preSolution
		Debug|Any CPU = Debug|Any CPU
		Release|Any CPU = Release|Any CPU
	EndGlobalSection
	GlobalSection(ProjectConfigurationPlatforms) = postSolution
		{697282AF-F4C2-43AF-95AB-8C8207A71835}.Debug|Any CPU.ActiveCfg = Debug|Any CPU
		{697282AF-F4C2-43AF-95AB-8C8207A71835}.Debug|Any CPU.Build.0 = Debug|Any CPU
		{697282AF-F4C2-43AF-95AB-8C8207A71835}.Release|Any CPU.ActiveCfg = Release|Any CPU
		{697282AF-F4C2-43AF-95AB-8C8207A71835}.Release|Any CPU.Build.0 = Release|Any CPU
	EndGlobalSection
	GlobalSection(SolutionProperties) = preSolution
		HideSolutionNode = FALSE
	EndGlobalSection
	GlobalSection(ExtensibilityGlobals) = postSolution
		SolutionGuid = {0609B81B-B0F8-4F26-BAED-4DCCAC5418B5}
	EndGlobalSection
EndGlobal
