
Microsoft Visual Studio Solution File, Format Version 12.00
# Visual Studio Version 17
VisualStudioVersion = 17.8.34330.188
MinimumVisualStudioVersion = 10.0.40219.1
Project("{FAE04EC0-301F-11D3-BF4B-00C04F79EFBC}") = "SortSimples", "SortSimples\SortSimples.csproj", "{1EA75972-96A3-4C42-8FFF-79DE78A0033D}"
EndProject
Global
	GlobalSection(SolutionConfigurationPlatforms) = preSolution
		Debug|Any CPU = Debug|Any CPU
		Release|Any CPU = Release|Any CPU
	EndGlobalSection
	GlobalSection(ProjectConfigurationPlatforms) = postSolution
		{1EA75972-96A3-4C42-8FFF-79DE78A0033D}.Debug|Any CPU.ActiveCfg = Debug|Any CPU
		{1EA75972-96A3-4C42-8FFF-79DE78A0033D}.Debug|Any CPU.Build.0 = Debug|Any CPU
		{1EA75972-96A3-4C42-8FFF-79DE78A0033D}.Release|Any CPU.ActiveCfg = Release|Any CPU
		{1EA75972-96A3-4C42-8FFF-79DE78A0033D}.Release|Any CPU.Build.0 = Release|Any CPU
	EndGlobalSection
	GlobalSection(SolutionProperties) = preSolution
		HideSolutionNode = FALSE
	EndGlobalSection
	GlobalSection(ExtensibilityGlobals) = postSolution
		SolutionGuid = {E508B334-73AC-4060-AA1D-996876938A4D}
	EndGlobalSection
EndGlobal
