
Microsoft Visual Studio Solution File, Format Version 12.00
# Visual Studio Version 17
VisualStudioVersion = 17.8.34330.188
MinimumVisualStudioVersion = 10.0.40219.1
Project("{FAE04EC0-301F-11D3-BF4B-00C04F79EFBC}") = "Media02", "Media02\Media02.csproj", "{E2D9ACE8-05FB-45F2-B563-D7D8750CC510}"
EndProject
Global
	GlobalSection(SolutionConfigurationPlatforms) = preSolution
		Debug|Any CPU = Debug|Any CPU
		Release|Any CPU = Release|Any CPU
	EndGlobalSection
	GlobalSection(ProjectConfigurationPlatforms) = postSolution
		{E2D9ACE8-05FB-45F2-B563-D7D8750CC510}.Debug|Any CPU.ActiveCfg = Debug|Any CPU
		{E2D9ACE8-05FB-45F2-B563-D7D8750CC510}.Debug|Any CPU.Build.0 = Debug|Any CPU
		{E2D9ACE8-05FB-45F2-B563-D7D8750CC510}.Release|Any CPU.ActiveCfg = Release|Any CPU
		{E2D9ACE8-05FB-45F2-B563-D7D8750CC510}.Release|Any CPU.Build.0 = Release|Any CPU
	EndGlobalSection
	GlobalSection(SolutionProperties) = preSolution
		HideSolutionNode = FALSE
	EndGlobalSection
	GlobalSection(ExtensibilityGlobals) = postSolution
		SolutionGuid = {A26CF3F6-A714-409F-A44C-9BF21EF6077D}
	EndGlobalSection
EndGlobal
