
Microsoft Visual Studio Solution File, Format Version 12.00
# Visual Studio Version 17
VisualStudioVersion = 17.8.34330.188
MinimumVisualStudioVersion = 10.0.40219.1
Project("{FAE04EC0-301F-11D3-BF4B-00C04F79EFBC}") = "NumerosPositivos", "NumerosPositivos\NumerosPositivos.csproj", "{D5F016DC-0CE0-449F-8A29-E0EADB9FDB12}"
EndProject
Global
	GlobalSection(SolutionConfigurationPlatforms) = preSolution
		Debug|Any CPU = Debug|Any CPU
		Release|Any CPU = Release|Any CPU
	EndGlobalSection
	GlobalSection(ProjectConfigurationPlatforms) = postSolution
		{D5F016DC-0CE0-449F-8A29-E0EADB9FDB12}.Debug|Any CPU.ActiveCfg = Debug|Any CPU
		{D5F016DC-0CE0-449F-8A29-E0EADB9FDB12}.Debug|Any CPU.Build.0 = Debug|Any CPU
		{D5F016DC-0CE0-449F-8A29-E0EADB9FDB12}.Release|Any CPU.ActiveCfg = Release|Any CPU
		{D5F016DC-0CE0-449F-8A29-E0EADB9FDB12}.Release|Any CPU.Build.0 = Release|Any CPU
	EndGlobalSection
	GlobalSection(SolutionProperties) = preSolution
		HideSolutionNode = FALSE
	EndGlobalSection
	GlobalSection(ExtensibilityGlobals) = postSolution
		SolutionGuid = {EFC5AA0E-62D8-4D0B-8261-FFF03BD95DDB}
	EndGlobalSection
EndGlobal
