
Microsoft Visual Studio Solution File, Format Version 12.00
# Visual Studio Version 17
VisualStudioVersion = 17.8.34330.188
MinimumVisualStudioVersion = 10.0.40219.1
Project("{FAE04EC0-301F-11D3-BF4B-00C04F79EFBC}") = "CalculoSimples", "CalculoSimples\CalculoSimples.csproj", "{5E11D984-F23B-4167-A7BA-94AF6F9AE37D}"
EndProject
Global
	GlobalSection(SolutionConfigurationPlatforms) = preSolution
		Debug|Any CPU = Debug|Any CPU
		Release|Any CPU = Release|Any CPU
	EndGlobalSection
	GlobalSection(ProjectConfigurationPlatforms) = postSolution
		{5E11D984-F23B-4167-A7BA-94AF6F9AE37D}.Debug|Any CPU.ActiveCfg = Debug|Any CPU
		{5E11D984-F23B-4167-A7BA-94AF6F9AE37D}.Debug|Any CPU.Build.0 = Debug|Any CPU
		{5E11D984-F23B-4167-A7BA-94AF6F9AE37D}.Release|Any CPU.ActiveCfg = Release|Any CPU
		{5E11D984-F23B-4167-A7BA-94AF6F9AE37D}.Release|Any CPU.Build.0 = Release|Any CPU
	EndGlobalSection
	GlobalSection(SolutionProperties) = preSolution
		HideSolutionNode = FALSE
	EndGlobalSection
	GlobalSection(ExtensibilityGlobals) = postSolution
		SolutionGuid = {60B4835F-73E4-4999-9CC8-E24BB9B6C2F0}
	EndGlobalSection
EndGlobal
