
Microsoft Visual Studio Solution File, Format Version 12.00
# Visual Studio Version 17
VisualStudioVersion = 17.8.34330.188
MinimumVisualStudioVersion = 10.0.40219.1
Project("{FAE04EC0-301F-11D3-BF4B-00C04F79EFBC}") = "ParesImparesPositivosNegativos", "ParesImparesPositivosNegativos\ParesImparesPositivosNegativos.csproj", "{78F9DF09-34A2-4A00-809C-9EE2FF0D8E67}"
EndProject
Global
	GlobalSection(SolutionConfigurationPlatforms) = preSolution
		Debug|Any CPU = Debug|Any CPU
		Release|Any CPU = Release|Any CPU
	EndGlobalSection
	GlobalSection(ProjectConfigurationPlatforms) = postSolution
		{78F9DF09-34A2-4A00-809C-9EE2FF0D8E67}.Debug|Any CPU.ActiveCfg = Debug|Any CPU
		{78F9DF09-34A2-4A00-809C-9EE2FF0D8E67}.Debug|Any CPU.Build.0 = Debug|Any CPU
		{78F9DF09-34A2-4A00-809C-9EE2FF0D8E67}.Release|Any CPU.ActiveCfg = Release|Any CPU
		{78F9DF09-34A2-4A00-809C-9EE2FF0D8E67}.Release|Any CPU.Build.0 = Release|Any CPU
	EndGlobalSection
	GlobalSection(SolutionProperties) = preSolution
		HideSolutionNode = FALSE
	EndGlobalSection
	GlobalSection(ExtensibilityGlobals) = postSolution
		SolutionGuid = {2466EBBE-127E-4BF3-9C65-23335753F837}
	EndGlobalSection
EndGlobal
